# @generated by Move, please check-in and do not edit manually.

[move]
version = 3
manifest_digest = "6EB210DD6EA3251A28EC24C3117C4CECCAAFB20FBC97151C32A74819817A5693"
deps_digest = "F8BBB0CCB2491CA29A3DF03D6F92277A4F3574266507ACD77214D37ECA3F3082"
dependencies = [
  { id = "Sui", name = "Sui" },
]

[[move.package]]
id = "MoveStdlib"
source = { git = "https://github.com/MystenLabs/sui.git", rev = "testnet", subdir = "crates/sui-framework/packages/move-stdlib" }

[[move.package]]
id = "Sui"
source = { git = "https://github.com/MystenLabs/sui.git", rev = "testnet", subdir = "crates/sui-framework/packages/sui-framework" }

dependencies = [
  { id = "MoveStdlib", name = "MoveStdlib" },
]

[move.toolchain-version]
compiler-version = "1.55.0"
edition = "2024.beta"
flavor = "sui"

[env]

[env.testnet]
chain-id = "4c78adac"
original-published-id = "0xc2006f0bb9cd0bffe82eb34f0519bd49b1d42968080e90faea642e3cbc848575"
latest-published-id = "0xc2006f0bb9cd0bffe82eb34f0519bd49b1d42968080e90faea642e3cbc848575"
published-version = "1"
